
Microsoft Visual Studio Solution File, Format Version 12.00
# Visual Studio Version 17
VisualStudioVersion = 17.11.35222.181
MinimumVisualStudioVersion = 10.0.40219.1
Project("{FAE04EC0-301F-11D3-BF4B-00C04F79EFBC}") = "ResetPassword", "ResetPassword.csproj", "{2034DA0B-B2B2-4C3C-A98F-7D9C2131D987}"
EndProject
Global
	GlobalSection(SolutionConfigurationPlatforms) = preSolution
		Debug|Any CPU = Debug|Any CPU
		Release|Any CPU = Release|Any CPU
	EndGlobalSection
	GlobalSection(ProjectConfigurationPlatforms) = postSolution
		{2034DA0B-B2B2-4C3C-A98F-7D9C2131D987}.Debug|Any CPU.ActiveCfg = Debug|Any CPU
		{2034DA0B-B2B2-4C3C-A98F-7D9C2131D987}.Debug|Any CPU.Build.0 = Debug|Any CPU
		{2034DA0B-B2B2-4C3C-A98F-7D9C2131D987}.Release|Any CPU.ActiveCfg = Release|Any CPU
		{2034DA0B-B2B2-4C3C-A98F-7D9C2131D987}.Release|Any CPU.Build.0 = Release|Any CPU
	EndGlobalSection
	GlobalSection(SolutionProperties) = preSolution
		HideSolutionNode = FALSE
	EndGlobalSection
	GlobalSection(ExtensibilityGlobals) = postSolution
		SolutionGuid = {BDE0BE79-24C0-4E45-8F09-21B0830FB947}
	EndGlobalSection
EndGlobal
